
Microsoft Visual Studio Solution File, Format Version 12.00
# Visual Studio Version 17
VisualStudioVersion = 17.1.32228.430
MinimumVisualStudioVersion = 10.0.40219.1
Project("{8BC9CEB8-8B4A-11D0-8D11-00A0C91BC942}") = "Contagion", "Contagion\Contagion.vcxproj", "{1B0EDB64-6F42-4ABC-BCE2-2466D7E75764}"
EndProject
Global
	GlobalSection(SolutionConfigurationPlatforms) = preSolution
		Debug|x64 = Debug|x64
		Debug|x86 = Debug|x86
		Release|x64 = Release|x64
		Release|x86 = Release|x86
	EndGlobalSection
	GlobalSection(ProjectConfigurationPlatforms) = postSolution
		{1B0EDB64-6F42-4ABC-BCE2-2466D7E75764}.Debug|x64.ActiveCfg = Debug|x64
		{1B0EDB64-6F42-4ABC-BCE2-2466D7E75764}.Debug|x64.Build.0 = Debug|x64
		{1B0EDB64-6F42-4ABC-BCE2-2466D7E75764}.Debug|x86.ActiveCfg = Debug|Win32
		{1B0EDB64-6F42-4ABC-BCE2-2466D7E75764}.Debug|x86.Build.0 = Debug|Win32
		{1B0EDB64-6F42-4ABC-BCE2-2466D7E75764}.Release|x64.ActiveCfg = Release|x64
		{1B0EDB64-6F42-4ABC-BCE2-2466D7E75764}.Release|x64.Build.0 = Release|x64
		{1B0EDB64-6F42-4ABC-BCE2-2466D7E75764}.Release|x86.ActiveCfg = Release|Win32
		{1B0EDB64-6F42-4ABC-BCE2-2466D7E75764}.Release|x86.Build.0 = Release|Win32
	EndGlobalSection
	GlobalSection(SolutionProperties) = preSolution
		HideSolutionNode = FALSE
	EndGlobalSection
	GlobalSection(ExtensibilityGlobals) = postSolution
		SolutionGuid = {F991351E-356A-4BCF-9454-9629BB0F76ED}
	EndGlobalSection
EndGlobal
